// !$*UTF8*$!
{
	archiveVersion = 1;
	classes = {
	};
	objectVersion = 50;
	objects = {

/* Begin PBXBuildFile section */
		2D058EB3218E7D9B00CCED8F /* AppDelegate.swift in Sources */ = {isa = PBXBuildFile; fileRef = 2D058EB2218E7D9B00CCED8F /* AppDelegate.swift */; };
		2D058EB5218E7D9B00CCED8F /* ViewController.swift in Sources */ = {isa = PBXBuildFile; fileRef = 2D058EB4218E7D9B00CCED8F /* ViewController.swift */; };
		2D058EB8218E7D9B00CCED8F /* Main.storyboard in Resources */ = {isa = PBXBuildFile; fileRef = 2D058EB6218E7D9B00CCED8F /* Main.storyboard */; };
		2D058EBA218E7D9C00CCED8F /* Assets.xcassets in Resources */ = {isa = PBXBuildFile; fileRef = 2D058EB9218E7D9C00CCED8F /* Assets.xcassets */; };
		2D058EBD218E7D9C00CCED8F /* LaunchScreen.storyboard in Resources */ = {isa = PBXBuildFile; fileRef = 2D058EBB218E7D9C00CCED8F /* LaunchScreen.storyboard */; };
		2D8D09B32192A29F00391FAC /* loading.json in Resources */ = {isa = PBXBuildFile; fileRef = 2D8D09B22192A29F00391FAC /* loading.json */; };
		2D8D09B42192A31B00391FAC /* Lottie.framework in Frameworks */ = {isa = PBXBuildFile; fileRef = 2D058ECB218E818500CCED8F /* Lottie.framework */; };
		2D8D09B52192A31B00391FAC /* Lottie.framework in Embed Frameworks */ = {isa = PBXBuildFile; fileRef = 2D058ECB218E818500CCED8F /* Lottie.framework */; settings = {ATTRIBUTES = (CodeSignOnCopy, RemoveHeadersOnCopy, ); }; };
/* End PBXBuildFile section */

/* Begin PBXCopyFilesBuildPhase section */
		2D8D09B62192A31C00391FAC /* Embed Frameworks */ = {
			isa = PBXCopyFilesBuildPhase;
			buildActionMask = 2147483647;
			dstPath = "";
			dstSubfolderSpec = 10;
			files = (
				2D8D09B52192A31B00391FAC /* Lottie.framework in Embed Frameworks */,
			);
			name = "Embed Frameworks";
			runOnlyForDeploymentPostprocessing = 0;
		};
/* End PBXCopyFilesBuildPhase section */

/* Begin PBXFileReference section */
		2D058EAF218E7D9B00CCED8F /* lottie-ios-app.app */ = {isa = PBXFileReference; explicitFileType = wrapper.application; includeInIndex = 0; path = "lottie-ios-app.app"; sourceTree = BUILT_PRODUCTS_DIR; };
		2D058EB2218E7D9B00CCED8F /* AppDelegate.swift */ = {isa = PBXFileReference; lastKnownFileType = sourcecode.swift; path = AppDelegate.swift; sourceTree = "<group>"; };
		2D058EB4218E7D9B00CCED8F /* ViewController.swift */ = {isa = PBXFileReference; lastKnownFileType = sourcecode.swift; path = ViewController.swift; sourceTree = "<group>"; };
		2D058EB7218E7D9B00CCED8F /* Base */ = {isa = PBXFileReference; lastKnownFileType = file.storyboard; name = Base; path = Base.lproj/Main.storyboard; sourceTree = "<group>"; };
		2D058EB9218E7D9C00CCED8F /* Assets.xcassets */ = {isa = PBXFileReference; lastKnownFileType = folder.assetcatalog; path = Assets.xcassets; sourceTree = "<group>"; };
		2D058EBC218E7D9C00CCED8F /* Base */ = {isa = PBXFileReference; lastKnownFileType = file.storyboard; name = Base; path = Base.lproj/LaunchScreen.storyboard; sourceTree = "<group>"; };
		2D058EBE218E7D9C00CCED8F /* Info.plist */ = {isa = PBXFileReference; lastKnownFileType = text.plist.xml; path = Info.plist; sourceTree = "<group>"; };
		2D058ECB218E818500CCED8F /* Lottie.framework */ = {isa = PBXFileReference; lastKnownFileType = wrapper.framework; name = Lottie.framework; path = Carthage/Build/iOS/Lottie.framework; sourceTree = "<group>"; };
		2D8D09B22192A29F00391FAC /* loading.json */ = {isa = PBXFileReference; fileEncoding = 4; lastKnownFileType = text.json; name = loading.json; path = ../../../../Desktop/loading.json; sourceTree = "<group>"; };
/* End PBXFileReference section */

/* Begin PBXFrameworksBuildPhase section */
		2D058EAC218E7D9B00CCED8F /* Frameworks */ = {
			isa = PBXFrameworksBuildPhase;
			buildActionMask = 2147483647;
			files = (
				2D8D09B42192A31B00391FAC /* Lottie.framework in Frameworks */,
			);
			runOnlyForDeploymentPostprocessing = 0;
		};
/* End PBXFrameworksBuildPhase section */

/* Begin PBXGroup section */
		2D058EA6218E7D9B00CCED8F = {
			isa = PBXGroup;
			children = (
				2D058EB1218E7D9B00CCED8F /* lottie-ios-app */,
				2D058EB0218E7D9B00CCED8F /* Products */,
				2D058ECA218E818500CCED8F /* Frameworks */,
			);
			sourceTree = "<group>";
		};
		2D058EB0218E7D9B00CCED8F /* Products */ = {
			isa = PBXGroup;
			children = (
				2D058EAF218E7D9B00CCED8F /* lottie-ios-app.app */,
			);
			name = Products;
			sourceTree = "<group>";
		};
		2D058EB1218E7D9B00CCED8F /* lottie-ios-app */ = {
			isa = PBXGroup;
			children = (
				2D8D09B22192A29F00391FAC /* loading.json */,
				2D058EB2218E7D9B00CCED8F /* AppDelegate.swift */,
				2D058EB4218E7D9B00CCED8F /* ViewController.swift */,
				2D058EB6218E7D9B00CCED8F /* Main.storyboard */,
				2D058EB9218E7D9C00CCED8F /* Assets.xcassets */,
				2D058EBB218E7D9C00CCED8F /* LaunchScreen.storyboard */,
				2D058EBE218E7D9C00CCED8F /* Info.plist */,
			);
			path = "lottie-ios-app";
			sourceTree = "<group>";
		};
		2D058ECA218E818500CCED8F /* Frameworks */ = {
			isa = PBXGroup;
			children = (
				2D058ECB218E818500CCED8F /* Lottie.framework */,
			);
			name = Frameworks;
			sourceTree = "<group>";
		};
/* End PBXGroup section */

/* Begin PBXNativeTarget section */
		2D058EAE218E7D9B00CCED8F /* lottie-ios-app */ = {
			isa = PBXNativeTarget;
			buildConfigurationList = 2D058EC1218E7D9C00CCED8F /* Build configuration list for PBXNativeTarget "lottie-ios-app" */;
			buildPhases = (
				2D058EAB218E7D9B00CCED8F /* Sources */,
				2D058EAC218E7D9B00CCED8F /* Frameworks */,
				2D058EAD218E7D9B00CCED8F /* Resources */,
				2D058ECF218E861000CCED8F /* ShellScript */,
				2D8D09B62192A31C00391FAC /* Embed Frameworks */,
			);
			buildRules = (
			);
			dependencies = (
			);
			name = "lottie-ios-app";
			productName = "lottie-ios-app";
			productReference = 2D058EAF218E7D9B00CCED8F /* lottie-ios-app.app */;
			productType = "com.apple.product-type.application";
		};
/* End PBXNativeTarget section */

/* Begin PBXProject section */
		2D058EA7218E7D9B00CCED8F /* Project object */ = {
			isa = PBXProject;
			attributes = {
				LastSwiftUpdateCheck = 1010;
				LastUpgradeCheck = 1010;
				ORGANIZATIONNAME = "Volodymyr Klymenko";
				TargetAttributes = {
					2D058EAE218E7D9B00CCED8F = {
						CreatedOnToolsVersion = 10.1;
					};
				};
			};
			buildConfigurationList = 2D058EAA218E7D9B00CCED8F /* Build configuration list for PBXProject "lottie-ios-app" */;
			compatibilityVersion = "Xcode 9.3";
			developmentRegion = en;
			hasScannedForEncodings = 0;
			knownRegions = (
				en,
				Base,
			);
			mainGroup = 2D058EA6218E7D9B00CCED8F;
			productRefGroup = 2D058EB0218E7D9B00CCED8F /* Products */;
			projectDirPath = "";
			projectRoot = "";
			targets = (
				2D058EAE218E7D9B00CCED8F /* lottie-ios-app */,
			);
		};
/* End PBXProject section */

/* Begin PBXResourcesBuildPhase section */
		2D058EAD218E7D9B00CCED8F /* Resources */ = {
			isa = PBXResourcesBuildPhase;
			buildActionMask = 2147483647;
			files = (
				2D058EBD218E7D9C00CCED8F /* LaunchScreen.storyboard in Resources */,
				2D058EBA218E7D9C00CCED8F /* Assets.xcassets in Resources */,
				2D058EB8218E7D9B00CCED8F /* Main.storyboard in Resources */,
				2D8D09B32192A29F00391FAC /* loading.json in Resources */,
			);
			runOnlyForDeploymentPostprocessing = 0;
		};
/* End PBXResourcesBuildPhase section */

/* Begin PBXShellScriptBuildPhase section */
		2D058ECF218E861000CCED8F /* ShellScript */ = {
			isa = PBXShellScriptBuildPhase;
			buildActionMask = 2147483647;
			files = (
			);
			inputFileListPaths = (
			);
			inputPaths = (
				"$(SRCROOT)/Carthage/Build/iOS/Lottie.Framework",
			);
			outputFileListPaths = (
			);
			outputPaths = (
				"$(DERIVED_FILE_DIR)/Lottie.Framework",
			);
			runOnlyForDeploymentPostprocessing = 0;
			shellPath = /bin/sh;
			shellScript = "/usr/local/bin/carthage copy-frameworks\n";
		};
/* End PBXShellScriptBuildPhase section */

/* Begin PBXSourcesBuildPhase section */
		2D058EAB218E7D9B00CCED8F /* Sources */ = {
			isa = PBXSourcesBuildPhase;
			buildActionMask = 2147483647;
			files = (
				2D058EB5218E7D9B00CCED8F /* ViewController.swift in Sources */,
				2D058EB3218E7D9B00CCED8F /* AppDelegate.swift in Sources */,
			);
			runOnlyForDeploymentPostprocessing = 0;
		};
/* End PBXSourcesBuildPhase section */

/* Begin PBXVariantGroup section */
		2D058EB6218E7D9B00CCED8F /* Main.storyboard */ = {
			isa = PBXVariantGroup;
			children = (
				2D058EB7218E7D9B00CCED8F /* Base */,
			);
			name = Main.storyboard;
			sourceTree = "<group>";
		};
		2D058EBB218E7D9C00CCED8F /* LaunchScreen.storyboard */ = {
			isa = PBXVariantGroup;
			children = (
				2D058EBC218E7D9C00CCED8F /* Base */,
			);
			name = LaunchScreen.storyboard;
			sourceTree = "<group>";
		};
/* End PBXVariantGroup section */

/* Begin XCBuildConfiguration section */
		2D058EBF218E7D9C00CCED8F /* Debug */ = {
			isa = XCBuildConfiguration;
			buildSettings = {
				ALWAYS_SEARCH_USER_PATHS = NO;
				CLANG_ANALYZER_NONNULL = YES;
				CLANG_ANALYZER_NUMBER_OBJECT_CONVERSION = YES_AGGRESSIVE;
				CLANG_CXX_LANGUAGE_STANDARD = "gnu++14";
				CLANG_CXX_LIBRARY = "libc++";
				CLANG_ENABLE_MODULES = YES;
				CLANG_ENABLE_OBJC_ARC = YES;
				CLANG_ENABLE_OBJC_WEAK = YES;
				CLANG_WARN_BLOCK_CAPTURE_AUTORELEASING = YES;
				CLANG_WARN_BOOL_CONVERSION = YES;
				CLANG_WARN_COMMA = YES;
				CLANG_WARN_CONSTANT_CONVERSION = YES;
				CLANG_WARN_DEPRECATED_OBJC_IMPLEMENTATIONS = YES;
				CLANG_WARN_DIRECT_OBJC_ISA_USAGE = YES_ERROR;
				CLANG_WARN_DOCUMENTATION_COMMENTS = YES;
				CLANG_WARN_EMPTY_BODY = YES;
				CLANG_WARN_ENUM_CONVERSION = YES;
				CLANG_WARN_INFINITE_RECURSION = YES;
				CLANG_WARN_INT_CONVERSION = YES;
				CLANG_WARN_NON_LITERAL_NULL_CONVERSION = YES;
				CLANG_WARN_OBJC_IMPLICIT_RETAIN_SELF = YES;
				CLANG_WARN_OBJC_LITERAL_CONVERSION = YES;
				CLANG_WARN_OBJC_ROOT_CLASS = YES_ERROR;
				CLANG_WARN_RANGE_LOOP_ANALYSIS = YES;
				CLANG_WARN_STRICT_PROTOTYPES = YES;
				CLANG_WARN_SUSPICIOUS_MOVE = YES;
				CLANG_WARN_UNGUARDED_AVAILABILITY = YES_AGGRESSIVE;
				CLANG_WARN_UNREACHABLE_CODE = YES;
				CLANG_WARN__DUPLICATE_METHOD_MATCH = YES;
				CODE_SIGN_IDENTITY = "iPhone Developer";
				COPY_PHASE_STRIP = NO;
				DEBUG_INFORMATION_FORMAT = dwarf;
				ENABLE_STRICT_OBJC_MSGSEND = YES;
				ENABLE_TESTABILITY = YES;
				GCC_C_LANGUAGE_STANDARD = gnu11;
				GCC_DYNAMIC_NO_PIC = NO;
				GCC_NO_COMMON_BLOCKS = YES;
				GCC_OPTIMIZATION_LEVEL = 0;
				GCC_PREPROCESSOR_DEFINITIONS = (
					"DEBUG=1",
					"$(inherited)",
				);
				GCC_WARN_64_TO_32_BIT_CONVERSION = YES;
				GCC_WARN_ABOUT_RETURN_TYPE = YES_ERROR;
				GCC_WARN_UNDECLARED_SELECTOR = YES;
				GCC_WARN_UNINITIALIZED_AUTOS = YES_AGGRESSIVE;
				GCC_WARN_UNUSED_FUNCTION = YES;
				GCC_WARN_UNUSED_VARIABLE = YES;
				IPHONEOS_DEPLOYMENT_TARGET = 12.1;
				MTL_ENABLE_DEBUG_INFO = INCLUDE_SOURCE;
				MTL_FAST_MATH = YES;
				ONLY_ACTIVE_ARCH = YES;
				SDKROOT = iphoneos;
				SWIFT_ACTIVE_COMPILATION_CONDITIONS = DEBUG;
				SWIFT_OPTIMIZATION_LEVEL = "-Onone";
			};
			name = Debug;
		};
		2D058EC0218E7D9C00CCED8F /* Release */ = {
			isa = XCBuildConfiguration;
			buildSettings = {
				ALWAYS_SEARCH_USER_PATHS = NO;
				CLANG_ANALYZER_NONNULL = YES;
				CLANG_ANALYZER_NUMBER_OBJECT_CONVERSION = YES_AGGRESSIVE;
				CLANG_CXX_LANGUAGE_STANDARD = "gnu++14";
				CLANG_CXX_LIBRARY = "libc++";
				CLANG_ENABLE_MODULES = YES;
				CLANG_ENABLE_OBJC_ARC = YES;
				CLANG_ENABLE_OBJC_WEAK = YES;
				CLANG_WARN_BLOCK_CAPTURE_AUTORELEASING = YES;
				CLANG_WARN_BOOL_CONVERSION = YES;
				CLANG_WARN_COMMA = YES;
				CLANG_WARN_CONSTANT_CONVERSION = YES;
				CLANG_WARN_DEPRECATED_OBJC_IMPLEMENTATIONS = YES;
				CLANG_WARN_DIRECT_OBJC_ISA_USAGE = YES_ERROR;
				CLANG_WARN_DOCUMENTATION_COMMENTS = YES;
				CLANG_WARN_EMPTY_BODY = YES;
				CLANG_WARN_ENUM_CONVERSION = YES;
				CLANG_WARN_INFINITE_RECURSION = YES;
				CLANG_WARN_INT_CONVERSION = YES;
				CLANG_WARN_NON_LITERAL_NULL_CONVERSION = YES;
				CLANG_WARN_OBJC_IMPLICIT_RETAIN_SELF = YES;
				CLANG_WARN_OBJC_LITERAL_CONVERSION = YES;
				CLANG_WARN_OBJC_ROOT_CLASS = YES_ERROR;
				CLANG_WARN_RANGE_LOOP_ANALYSIS = YES;
				CLANG_WARN_STRICT_PROTOTYPES = YES;
				CLANG_WARN_SUSPICIOUS_MOVE = YES;
				CLANG_WARN_UNGUARDED_AVAILABILITY = YES_AGGRESSIVE;
				CLANG_WARN_UNREACHABLE_CODE = YES;
				CLANG_WARN__DUPLICATE_METHOD_MATCH = YES;
				CODE_SIGN_IDENTITY = "iPhone Developer";
				COPY_PHASE_STRIP = NO;
				DEBUG_INFORMATION_FORMAT = "dwarf-with-dsym";
				ENABLE_NS_ASSERTIONS = NO;
				ENABLE_STRICT_OBJC_MSGSEND = YES;
				GCC_C_LANGUAGE_STANDARD = gnu11;
				GCC_NO_COMMON_BLOCKS = YES;
				GCC_WARN_64_TO_32_BIT_CONVERSION = YES;
				GCC_WARN_ABOUT_RETURN_TYPE = YES_ERROR;
				GCC_WARN_UNDECLARED_SELECTOR = YES;
				GCC_WARN_UNINITIALIZED_AUTOS = YES_AGGRESSIVE;
				GCC_WARN_UNUSED_FUNCTION = YES;
				GCC_WARN_UNUSED_VARIABLE = YES;
				IPHONEOS_DEPLOYMENT_TARGET = 12.1;
				MTL_ENABLE_DEBUG_INFO = NO;
				MTL_FAST_MATH = YES;
				SDKROOT = iphoneos;
				SWIFT_COMPILATION_MODE = wholemodule;
				SWIFT_OPTIMIZATION_LEVEL = "-O";
				VALIDATE_PRODUCT = YES;
			};
			name = Release;
		};
		2D058EC2218E7D9C00CCED8F /* Debug */ = {
			isa = XCBuildConfiguration;
			buildSettings = {
				ASSETCATALOG_COMPILER_APPICON_NAME = AppIcon;
				CODE_SIGN_STYLE = Automatic;
				DEVELOPMENT_TEAM = J82C364K42;
				FRAMEWORK_SEARCH_PATHS = (
					"$(inherited)",
					"$(PROJECT_DIR)/Carthage/Build/iOS",
				);
				INFOPLIST_FILE = "lottie-ios-app/Info.plist";
				LD_RUNPATH_SEARCH_PATHS = (
					"$(inherited)",
					"@executable_path/Frameworks",
				);
				PRODUCT_BUNDLE_IDENTIFIER = "com.volodymyrklymenko.lottie-ios-app";
				PRODUCT_NAME = "$(TARGET_NAME)";
				SWIFT_VERSION = 4.2;
				TARGETED_DEVICE_FAMILY = "1,2";
			};
			name = Debug;
		};
		2D058EC3218E7D9C00CCED8F /* Release */ = {
			isa = XCBuildConfiguration;
			buildSettings = {
				ASSETCATALOG_COMPILER_APPICON_NAME = AppIcon;
				CODE_SIGN_STYLE = Automatic;
				DEVELOPMENT_TEAM = J82C364K42;
				FRAMEWORK_SEARCH_PATHS = (
					"$(inherited)",
					"$(PROJECT_DIR)/Carthage/Build/iOS",
				);
				INFOPLIST_FILE = "lottie-ios-app/Info.plist";
				LD_RUNPATH_SEARCH_PATHS = (
					"$(inherited)",
					"@executable_path/Frameworks",
				);
				PRODUCT_BUNDLE_IDENTIFIER = "com.volodymyrklymenko.lottie-ios-app";
				PRODUCT_NAME = "$(TARGET_NAME)";
				SWIFT_VERSION = 4.2;
				TARGETED_DEVICE_FAMILY = "1,2";
			};
			name = Release;
		};
/* End XCBuildConfiguration section */

/* Begin XCConfigurationList section */
		2D058EAA218E7D9B00CCED8F /* Build configuration list for PBXProject "lottie-ios-app" */ = {
			isa = XCConfigurationList;
			buildConfigurations = (
				2D058EBF218E7D9C00CCED8F /* Debug */,
				2D058EC0218E7D9C00CCED8F /* Release */,
			);
			defaultConfigurationIsVisible = 0;
			defaultConfigurationName = Release;
		};
		2D058EC1218E7D9C00CCED8F /* Build configuration list for PBXNativeTarget "lottie-ios-app" */ = {
			isa = XCConfigurationList;
			buildConfigurations = (
				2D058EC2218E7D9C00CCED8F /* Debug */,
				2D058EC3218E7D9C00CCED8F /* Release */,
			);
			defaultConfigurationIsVisible = 0;
			defaultConfigurationName = Release;
		};
/* End XCConfigurationList section */
	};
	rootObject = 2D058EA7218E7D9B00CCED8F /* Project object */;
}
